// !$*UTF8*$!
{
	archiveVersion = 1;
	classes = {
	};
	objectVersion = 46;
	objects = {

/* Begin PBXBuildFile section */
		59A2BCE82BC489ED67E1C0C3 /* libPods.a in Frameworks */ = {isa = PBXBuildFile; fileRef = 64BE79B98F472D762E249F9B /* libPods.a */; };
		D76713AF1CEC5C3F0063CC39 /* message.eml in Resources */ = {isa = PBXBuildFile; fileRef = D76713AE1CEC5C3F0063CC39 /* message.eml */; };
		D76713B11CEC5DE70063CC39 /* WebKit.framework in Frameworks */ = {isa = PBXBuildFile; fileRef = D76713B01CEC5DE70063CC39 /* WebKit.framework */; };
		D7E2088D1CEC5AF500C10ECE /* AppDelegate.m in Sources */ = {isa = PBXBuildFile; fileRef = D7E2088C1CEC5AF500C10ECE /* AppDelegate.m */; };
		D7E208901CEC5AF500C10ECE /* main.m in Sources */ = {isa = PBXBuildFile; fileRef = D7E2088F1CEC5AF500C10ECE /* main.m */; };
		D7E208931CEC5AF500C10ECE /* ViewController.m in Sources */ = {isa = PBXBuildFile; fileRef = D7E208921CEC5AF500C10ECE /* ViewController.m */; };
		D7E208951CEC5AF500C10ECE /* Assets.xcassets in Resources */ = {isa = PBXBuildFile; fileRef = D7E208941CEC5AF500C10ECE /* Assets.xcassets */; };
		D7E208981CEC5AF500C10ECE /* Main.storyboard in Resources */ = {isa = PBXBuildFile; fileRef = D7E208961CEC5AF500C10ECE /* Main.storyboard */; };
/* End PBXBuildFile section */

/* Begin PBXFileReference section */
		64BE79B98F472D762E249F9B /* libPods.a */ = {isa = PBXFileReference; explicitFileType = archive.ar; includeInIndex = 0; path = libPods.a; sourceTree = BUILT_PRODUCTS_DIR; };
		761629EA344A86E52D4B743F /* Pods.debug.xcconfig */ = {isa = PBXFileReference; includeInIndex = 1; lastKnownFileType = text.xcconfig; name = Pods.debug.xcconfig; path = "Pods/Target Support Files/Pods/Pods.debug.xcconfig"; sourceTree = "<group>"; };
		D76713AE1CEC5C3F0063CC39 /* message.eml */ = {isa = PBXFileReference; fileEncoding = 4; lastKnownFileType = text; path = message.eml; sourceTree = "<group>"; };
		D76713B01CEC5DE70063CC39 /* WebKit.framework */ = {isa = PBXFileReference; lastKnownFileType = wrapper.framework; name = WebKit.framework; path = System/Library/Frameworks/WebKit.framework; sourceTree = SDKROOT; };
		D7E208881CEC5AF500C10ECE /* MailCoreDebugger.app */ = {isa = PBXFileReference; explicitFileType = wrapper.application; includeInIndex = 0; path = MailCoreDebugger.app; sourceTree = BUILT_PRODUCTS_DIR; };
		D7E2088B1CEC5AF500C10ECE /* AppDelegate.h */ = {isa = PBXFileReference; lastKnownFileType = sourcecode.c.h; path = AppDelegate.h; sourceTree = "<group>"; };
		D7E2088C1CEC5AF500C10ECE /* AppDelegate.m */ = {isa = PBXFileReference; lastKnownFileType = sourcecode.c.objc; path = AppDelegate.m; sourceTree = "<group>"; };
		D7E2088F1CEC5AF500C10ECE /* main.m */ = {isa = PBXFileReference; lastKnownFileType = sourcecode.c.objc; path = main.m; sourceTree = "<group>"; };
		D7E208911CEC5AF500C10ECE /* ViewController.h */ = {isa = PBXFileReference; lastKnownFileType = sourcecode.c.h; path = ViewController.h; sourceTree = "<group>"; };
		D7E208921CEC5AF500C10ECE /* ViewController.m */ = {isa = PBXFileReference; lastKnownFileType = sourcecode.c.objc; path = ViewController.m; sourceTree = "<group>"; };
		D7E208941CEC5AF500C10ECE /* Assets.xcassets */ = {isa = PBXFileReference; lastKnownFileType = folder.assetcatalog; path = Assets.xcassets; sourceTree = "<group>"; };
		D7E208971CEC5AF500C10ECE /* Base */ = {isa = PBXFileReference; lastKnownFileType = file.storyboard; name = Base; path = Base.lproj/Main.storyboard; sourceTree = "<group>"; };
		D7E208991CEC5AF500C10ECE /* Info.plist */ = {isa = PBXFileReference; lastKnownFileType = text.plist.xml; path = Info.plist; sourceTree = "<group>"; };
		EF72D6D2191D50CEFECCD112 /* Pods.release.xcconfig */ = {isa = PBXFileReference; includeInIndex = 1; lastKnownFileType = text.xcconfig; name = Pods.release.xcconfig; path = "Pods/Target Support Files/Pods/Pods.release.xcconfig"; sourceTree = "<group>"; };
/* End PBXFileReference section */

/* Begin PBXFrameworksBuildPhase section */
		D7E208851CEC5AF500C10ECE /* Frameworks */ = {
			isa = PBXFrameworksBuildPhase;
			buildActionMask = 2147483647;
			files = (
				D76713B11CEC5DE70063CC39 /* WebKit.framework in Frameworks */,
				59A2BCE82BC489ED67E1C0C3 /* libPods.a in Frameworks */,
			);
			runOnlyForDeploymentPostprocessing = 0;
		};
/* End PBXFrameworksBuildPhase section */

/* Begin PBXGroup section */
		73A70AD76DFEBAD39C4380C6 /* Frameworks */ = {
			isa = PBXGroup;
			children = (
				D76713B01CEC5DE70063CC39 /* WebKit.framework */,
				64BE79B98F472D762E249F9B /* libPods.a */,
			);
			name = Frameworks;
			sourceTree = "<group>";
		};
		D7E2087F1CEC5AF500C10ECE = {
			isa = PBXGroup;
			children = (
				D7E2088A1CEC5AF500C10ECE /* MailCoreDebugger */,
				D7E208891CEC5AF500C10ECE /* Products */,
				E6ABC1E8E70C8DCC238D2A33 /* Pods */,
				73A70AD76DFEBAD39C4380C6 /* Frameworks */,
			);
			sourceTree = "<group>";
		};
		D7E208891CEC5AF500C10ECE /* Products */ = {
			isa = PBXGroup;
			children = (
				D7E208881CEC5AF500C10ECE /* MailCoreDebugger.app */,
			);
			name = Products;
			sourceTree = "<group>";
		};
		D7E2088A1CEC5AF500C10ECE /* MailCoreDebugger */ = {
			isa = PBXGroup;
			children = (
				D76713AE1CEC5C3F0063CC39 /* message.eml */,
				D7E2088B1CEC5AF500C10ECE /* AppDelegate.h */,
				D7E2088C1CEC5AF500C10ECE /* AppDelegate.m */,
				D7E208911CEC5AF500C10ECE /* ViewController.h */,
				D7E208921CEC5AF500C10ECE /* ViewController.m */,
				D7E208941CEC5AF500C10ECE /* Assets.xcassets */,
				D7E208961CEC5AF500C10ECE /* Main.storyboard */,
				D7E208991CEC5AF500C10ECE /* Info.plist */,
				D7E2088E1CEC5AF500C10ECE /* Supporting Files */,
			);
			path = MailCoreDebugger;
			sourceTree = "<group>";
		};
		D7E2088E1CEC5AF500C10ECE /* Supporting Files */ = {
			isa = PBXGroup;
			children = (
				D7E2088F1CEC5AF500C10ECE /* main.m */,
			);
			name = "Supporting Files";
			sourceTree = "<group>";
		};
		E6ABC1E8E70C8DCC238D2A33 /* Pods */ = {
			isa = PBXGroup;
			children = (
				761629EA344A86E52D4B743F /* Pods.debug.xcconfig */,
				EF72D6D2191D50CEFECCD112 /* Pods.release.xcconfig */,
			);
			name = Pods;
			sourceTree = "<group>";
		};
/* End PBXGroup section */

/* Begin PBXNativeTarget section */
		D7E208871CEC5AF500C10ECE /* MailCoreDebugger */ = {
			isa = PBXNativeTarget;
			buildConfigurationList = D7E2089C1CEC5AF500C10ECE /* Build configuration list for PBXNativeTarget "MailCoreDebugger" */;
			buildPhases = (
				1C31DD17AE58EB5B00AC35A7 /* Check Pods Manifest.lock */,
				D7E208841CEC5AF500C10ECE /* Sources */,
				D7E208851CEC5AF500C10ECE /* Frameworks */,
				D7E208861CEC5AF500C10ECE /* Resources */,
				78C650A3255117CAFE005712 /* Embed Pods Frameworks */,
				BC2266202C7C2DC8E61A68D8 /* Copy Pods Resources */,
			);
			buildRules = (
			);
			dependencies = (
			);
			name = MailCoreDebugger;
			productName = MailCoreDebugger;
			productReference = D7E208881CEC5AF500C10ECE /* MailCoreDebugger.app */;
			productType = "com.apple.product-type.application";
		};
/* End PBXNativeTarget section */

/* Begin PBXProject section */
		D7E208801CEC5AF500C10ECE /* Project object */ = {
			isa = PBXProject;
			attributes = {
				LastUpgradeCheck = 0730;
				ORGANIZATIONNAME = "Dev Sanghani";
				TargetAttributes = {
					D7E208871CEC5AF500C10ECE = {
						CreatedOnToolsVersion = 7.3;
					};
				};
			};
			buildConfigurationList = D7E208831CEC5AF500C10ECE /* Build configuration list for PBXProject "MailCoreDebugger" */;
			compatibilityVersion = "Xcode 3.2";
			developmentRegion = English;
			hasScannedForEncodings = 0;
			knownRegions = (
				en,
				Base,
			);
			mainGroup = D7E2087F1CEC5AF500C10ECE;
			productRefGroup = D7E208891CEC5AF500C10ECE /* Products */;
			projectDirPath = "";
			projectRoot = "";
			targets = (
				D7E208871CEC5AF500C10ECE /* MailCoreDebugger */,
			);
		};
/* End PBXProject section */

/* Begin PBXResourcesBuildPhase section */
		D7E208861CEC5AF500C10ECE /* Resources */ = {
			isa = PBXResourcesBuildPhase;
			buildActionMask = 2147483647;
			files = (
				D7E208951CEC5AF500C10ECE /* Assets.xcassets in Resources */,
				D7E208981CEC5AF500C10ECE /* Main.storyboard in Resources */,
				D76713AF1CEC5C3F0063CC39 /* message.eml in Resources */,
			);
			runOnlyForDeploymentPostprocessing = 0;
		};
/* End PBXResourcesBuildPhase section */

/* Begin PBXShellScriptBuildPhase section */
		1C31DD17AE58EB5B00AC35A7 /* Check Pods Manifest.lock */ = {
			isa = PBXShellScriptBuildPhase;
			buildActionMask = 2147483647;
			files = (
			);
			inputPaths = (
			);
			name = "Check Pods Manifest.lock";
			outputPaths = (
			);
			runOnlyForDeploymentPostprocessing = 0;
			shellPath = /bin/sh;
			shellScript = "diff \"${PODS_ROOT}/../Podfile.lock\" \"${PODS_ROOT}/Manifest.lock\" > /dev/null\nif [[ $? != 0 ]] ; then\n    cat << EOM\nerror: The sandbox is not in sync with the Podfile.lock. Run 'pod install' or update your CocoaPods installation.\nEOM\n    exit 1\nfi\n";
			showEnvVarsInLog = 0;
		};
		78C650A3255117CAFE005712 /* Embed Pods Frameworks */ = {
			isa = PBXShellScriptBuildPhase;
			buildActionMask = 2147483647;
			files = (
			);
			inputPaths = (
			);
			name = "Embed Pods Frameworks";
			outputPaths = (
			);
			runOnlyForDeploymentPostprocessing = 0;
			shellPath = /bin/sh;
			shellScript = "\"${SRCROOT}/Pods/Target Support Files/Pods/Pods-frameworks.sh\"\n";
			showEnvVarsInLog = 0;
		};
		BC2266202C7C2DC8E61A68D8 /* Copy Pods Resources */ = {
			isa = PBXShellScriptBuildPhase;
			buildActionMask = 2147483647;
			files = (
			);
			inputPaths = (
			);
			name = "Copy Pods Resources";
			outputPaths = (
			);
			runOnlyForDeploymentPostprocessing = 0;
			shellPath = /bin/sh;
			shellScript = "\"${SRCROOT}/Pods/Target Support Files/Pods/Pods-resources.sh\"\n";
			showEnvVarsInLog = 0;
		};
/* End PBXShellScriptBuildPhase section */

/* Begin PBXSourcesBuildPhase section */
		D7E208841CEC5AF500C10ECE /* Sources */ = {
			isa = PBXSourcesBuildPhase;
			buildActionMask = 2147483647;
			files = (
				D7E208931CEC5AF500C10ECE /* ViewController.m in Sources */,
				D7E208901CEC5AF500C10ECE /* main.m in Sources */,
				D7E2088D1CEC5AF500C10ECE /* AppDelegate.m in Sources */,
			);
			runOnlyForDeploymentPostprocessing = 0;
		};
/* End PBXSourcesBuildPhase section */

/* Begin PBXVariantGroup section */
		D7E208961CEC5AF500C10ECE /* Main.storyboard */ = {
			isa = PBXVariantGroup;
			children = (
				D7E208971CEC5AF500C10ECE /* Base */,
			);
			name = Main.storyboard;
			sourceTree = "<group>";
		};
/* End PBXVariantGroup section */

/* Begin XCBuildConfiguration section */
		D7E2089A1CEC5AF500C10ECE /* Debug */ = {
			isa = XCBuildConfiguration;
			buildSettings = {
				ALWAYS_SEARCH_USER_PATHS = NO;
				CLANG_ANALYZER_NONNULL = YES;
				CLANG_CXX_LANGUAGE_STANDARD = "gnu++0x";
				CLANG_CXX_LIBRARY = "libc++";
				CLANG_ENABLE_MODULES = YES;
				CLANG_ENABLE_OBJC_ARC = YES;
				CLANG_WARN_BOOL_CONVERSION = YES;
				CLANG_WARN_CONSTANT_CONVERSION = YES;
				CLANG_WARN_DIRECT_OBJC_ISA_USAGE = YES_ERROR;
				CLANG_WARN_EMPTY_BODY = YES;
				CLANG_WARN_ENUM_CONVERSION = YES;
				CLANG_WARN_INT_CONVERSION = YES;
				CLANG_WARN_OBJC_ROOT_CLASS = YES_ERROR;
				CLANG_WARN_UNREACHABLE_CODE = YES;
				CLANG_WARN__DUPLICATE_METHOD_MATCH = YES;
				CODE_SIGN_IDENTITY = "-";
				COPY_PHASE_STRIP = NO;
				DEBUG_INFORMATION_FORMAT = dwarf;
				ENABLE_STRICT_OBJC_MSGSEND = YES;
				ENABLE_TESTABILITY = YES;
				GCC_C_LANGUAGE_STANDARD = gnu99;
				GCC_DYNAMIC_NO_PIC = NO;
				GCC_NO_COMMON_BLOCKS = YES;
				GCC_OPTIMIZATION_LEVEL = 0;
				GCC_PREPROCESSOR_DEFINITIONS = (
					"DEBUG=1",
					"$(inherited)",
				);
				GCC_WARN_64_TO_32_BIT_CONVERSION = YES;
				GCC_WARN_ABOUT_RETURN_TYPE = YES_ERROR;
				GCC_WARN_UNDECLARED_SELECTOR = YES;
				GCC_WARN_UNINITIALIZED_AUTOS = YES_AGGRESSIVE;
				GCC_WARN_UNUSED_FUNCTION = YES;
				GCC_WARN_UNUSED_VARIABLE = YES;
				MACOSX_DEPLOYMENT_TARGET = 10.11;
				MTL_ENABLE_DEBUG_INFO = YES;
				ONLY_ACTIVE_ARCH = YES;
				SDKROOT = macosx;
			};
			name = Debug;
		};
		D7E2089B1CEC5AF500C10ECE /* Release */ = {
			isa = XCBuildConfiguration;
			buildSettings = {
				ALWAYS_SEARCH_USER_PATHS = NO;
				CLANG_ANALYZER_NONNULL = YES;
				CLANG_CXX_LANGUAGE_STANDARD = "gnu++0x";
				CLANG_CXX_LIBRARY = "libc++";
				CLANG_ENABLE_MODULES = YES;
				CLANG_ENABLE_OBJC_ARC = YES;
				CLANG_WARN_BOOL_CONVERSION = YES;
				CLANG_WARN_CONSTANT_CONVERSION = YES;
				CLANG_WARN_DIRECT_OBJC_ISA_USAGE = YES_ERROR;
				CLANG_WARN_EMPTY_BODY = YES;
				CLANG_WARN_ENUM_CONVERSION = YES;
				CLANG_WARN_INT_CONVERSION = YES;
				CLANG_WARN_OBJC_ROOT_CLASS = YES_ERROR;
				CLANG_WARN_UNREACHABLE_CODE = YES;
				CLANG_WARN__DUPLICATE_METHOD_MATCH = YES;
				CODE_SIGN_IDENTITY = "-";
				COPY_PHASE_STRIP = NO;
				DEBUG_INFORMATION_FORMAT = "dwarf-with-dsym";
				ENABLE_NS_ASSERTIONS = NO;
				ENABLE_STRICT_OBJC_MSGSEND = YES;
				GCC_C_LANGUAGE_STANDARD = gnu99;
				GCC_NO_COMMON_BLOCKS = YES;
				GCC_WARN_64_TO_32_BIT_CONVERSION = YES;
				GCC_WARN_ABOUT_RETURN_TYPE = YES_ERROR;
				GCC_WARN_UNDECLARED_SELECTOR = YES;
				GCC_WARN_UNINITIALIZED_AUTOS = YES_AGGRESSIVE;
				GCC_WARN_UNUSED_FUNCTION = YES;
				GCC_WARN_UNUSED_VARIABLE = YES;
				MACOSX_DEPLOYMENT_TARGET = 10.11;
				MTL_ENABLE_DEBUG_INFO = NO;
				SDKROOT = macosx;
			};
			name = Release;
		};
		D7E2089D1CEC5AF500C10ECE /* Debug */ = {
			isa = XCBuildConfiguration;
			baseConfigurationReference = 761629EA344A86E52D4B743F /* Pods.debug.xcconfig */;
			buildSettings = {
				ASSETCATALOG_COMPILER_APPICON_NAME = AppIcon;
				COMBINE_HIDPI_IMAGES = YES;
				INFOPLIST_FILE = MailCoreDebugger/Info.plist;
				LD_RUNPATH_SEARCH_PATHS = "$(inherited) @executable_path/../Frameworks";
				PRODUCT_BUNDLE_IDENTIFIER = "Dev-Sanghani.MailCoreDebugger";
				PRODUCT_NAME = "$(TARGET_NAME)";
			};
			name = Debug;
		};
		D7E2089E1CEC5AF500C10ECE /* Release */ = {
			isa = XCBuildConfiguration;
			baseConfigurationReference = EF72D6D2191D50CEFECCD112 /* Pods.release.xcconfig */;
			buildSettings = {
				ASSETCATALOG_COMPILER_APPICON_NAME = AppIcon;
				COMBINE_HIDPI_IMAGES = YES;
				INFOPLIST_FILE = MailCoreDebugger/Info.plist;
				LD_RUNPATH_SEARCH_PATHS = "$(inherited) @executable_path/../Frameworks";
				PRODUCT_BUNDLE_IDENTIFIER = "Dev-Sanghani.MailCoreDebugger";
				PRODUCT_NAME = "$(TARGET_NAME)";
			};
			name = Release;
		};
/* End XCBuildConfiguration section */

/* Begin XCConfigurationList section */
		D7E208831CEC5AF500C10ECE /* Build configuration list for PBXProject "MailCoreDebugger" */ = {
			isa = XCConfigurationList;
			buildConfigurations = (
				D7E2089A1CEC5AF500C10ECE /* Debug */,
				D7E2089B1CEC5AF500C10ECE /* Release */,
			);
			defaultConfigurationIsVisible = 0;
			defaultConfigurationName = Release;
		};
		D7E2089C1CEC5AF500C10ECE /* Build configuration list for PBXNativeTarget "MailCoreDebugger" */ = {
			isa = XCConfigurationList;
			buildConfigurations = (
				D7E2089D1CEC5AF500C10ECE /* Debug */,
				D7E2089E1CEC5AF500C10ECE /* Release */,
			);
			defaultConfigurationIsVisible = 0;
			defaultConfigurationName = Release;
		};
/* End XCConfigurationList section */
	};
	rootObject = D7E208801CEC5AF500C10ECE /* Project object */;
}
